// !$*UTF8*$!
{
	archiveVersion = 1;
	classes = {
	};
	objectVersion = 77;
	objects = {

/* Begin PBXContainerItemProxy section */
		257CF78C2E45A5A9008EF594 /* PBXContainerItemProxy */ = {
			isa = PBXContainerItemProxy;
			containerPortal = 257CF7762E45A5A8008EF594 /* Project object */;
			proxyType = 1;
			remoteGlobalIDString = 257CF77D2E45A5A8008EF594;
			remoteInfo = WaterPolo;
		};
		257CF7962E45A5A9008EF594 /* PBXContainerItemProxy */ = {
			isa = PBXContainerItemProxy;
			containerPortal = 257CF7762E45A5A8008EF594 /* Project object */;
			proxyType = 1;
			remoteGlobalIDString = 257CF77D2E45A5A8008EF594;
			remoteInfo = WaterPolo;
		};
/* End PBXContainerItemProxy section */

/* Begin PBXFileReference section */
		257CF77E2E45A5A8008EF594 /* WaterPolo.app */ = {isa = PBXFileReference; explicitFileType = wrapper.application; includeInIndex = 0; path = WaterPolo.app; sourceTree = BUILT_PRODUCTS_DIR; };
		257CF78B2E45A5A9008EF594 /* WaterPoloTests.xctest */ = {isa = PBXFileReference; explicitFileType = wrapper.cfbundle; includeInIndex = 0; path = WaterPoloTests.xctest; sourceTree = BUILT_PRODUCTS_DIR; };
		257CF7952E45A5A9008EF594 /* WaterPoloUITests.xctest */ = {isa = PBXFileReference; explicitFileType = wrapper.cfbundle; includeInIndex = 0; path = WaterPoloUITests.xctest; sourceTree = BUILT_PRODUCTS_DIR; };
/* End PBXFileReference section */

/* Begin PBXFileSystemSynchronizedRootGroup section */
		257CF7802E45A5A8008EF594 /* WaterPolo */ = {
			isa = PBXFileSystemSynchronizedRootGroup;
			path = WaterPolo;
			sourceTree = "<group>";
		};
		257CF78E2E45A5A9008EF594 /* WaterPoloTests */ = {
			isa = PBXFileSystemSynchronizedRootGroup;
			path = WaterPoloTests;
			sourceTree = "<group>";
		};
		257CF7982E45A5A9008EF594 /* WaterPoloUITests */ = {
			isa = PBXFileSystemSynchronizedRootGroup;
			path = WaterPoloUITests;
			sourceTree = "<group>";
		};
/* End PBXFileSystemSynchronizedRootGroup section */

/* Begin PBXFrameworksBuildPhase section */
		257CF77B2E45A5A8008EF594 /* Frameworks */ = {
			isa = PBXFrameworksBuildPhase;
			buildActionMask = 2147483647;
			files = (
			);
			runOnlyForDeploymentPostprocessing = 0;
		};
		257CF7882E45A5A9008EF594 /* Frameworks */ = {
			isa = PBXFrameworksBuildPhase;
			buildActionMask = 2147483647;
			files = (
			);
			runOnlyForDeploymentPostprocessing = 0;
		};
		257CF7922E45A5A9008EF594 /* Frameworks */ = {
			isa = PBXFrameworksBuildPhase;
			buildActionMask = 2147483647;
			files = (
			);
			runOnlyForDeploymentPostprocessing = 0;
		};
/* End PBXFrameworksBuildPhase section */

/* Begin PBXGroup section */
		257CF7752E45A5A8008EF594 = {
			isa = PBXGroup;
			children = (
				257CF7802E45A5A8008EF594 /* WaterPolo */,
				257CF78E2E45A5A9008EF594 /* WaterPoloTests */,
				257CF7982E45A5A9008EF594 /* WaterPoloUITests */,
				257CF77F2E45A5A8008EF594 /* Products */,
			);
			sourceTree = "<group>";
		};
		257CF77F2E45A5A8008EF594 /* Products */ = {
			isa = PBXGroup;
			children = (
				257CF77E2E45A5A8008EF594 /* WaterPolo.app */,
				257CF78B2E45A5A9008EF594 /* WaterPoloTests.xctest */,
				257CF7952E45A5A9008EF594 /* WaterPoloUITests.xctest */,
			);
			name = Products;
			sourceTree = "<group>";
		};
/* End PBXGroup section */

/* Begin PBXNativeTarget section */
		257CF77D2E45A5A8008EF594 /* WaterPolo */ = {
			isa = PBXNativeTarget;
			buildConfigurationList = 257CF79F2E45A5A9008EF594 /* Build configuration list for PBXNativeTarget "WaterPolo" */;
			buildPhases = (
				257CF77A2E45A5A8008EF594 /* Sources */,
				257CF77B2E45A5A8008EF594 /* Frameworks */,
				257CF77C2E45A5A8008EF594 /* Resources */,
			);
			buildRules = (
			);
			dependencies = (
			);
			fileSystemSynchronizedGroups = (
				257CF7802E45A5A8008EF594 /* WaterPolo */,
			);
			name = WaterPolo;
			packageProductDependencies = (
			);
			productName = WaterPolo;
			productReference = 257CF77E2E45A5A8008EF594 /* WaterPolo.app */;
			productType = "com.apple.product-type.application";
		};
		257CF78A2E45A5A9008EF594 /* WaterPoloTests */ = {
			isa = PBXNativeTarget;
			buildConfigurationList = 257CF7A22E45A5A9008EF594 /* Build configuration list for PBXNativeTarget "WaterPoloTests" */;
			buildPhases = (
				257CF7872E45A5A9008EF594 /* Sources */,
				257CF7882E45A5A9008EF594 /* Frameworks */,
				257CF7892E45A5A9008EF594 /* Resources */,
			);
			buildRules = (
			);
			dependencies = (
				257CF78D2E45A5A9008EF594 /* PBXTargetDependency */,
			);
			fileSystemSynchronizedGroups = (
				257CF78E2E45A5A9008EF594 /* WaterPoloTests */,
			);
			name = WaterPoloTests;
			packageProductDependencies = (
			);
			productName = WaterPoloTests;
			productReference = 257CF78B2E45A5A9008EF594 /* WaterPoloTests.xctest */;
			productType = "com.apple.product-type.bundle.unit-test";
		};
		257CF7942E45A5A9008EF594 /* WaterPoloUITests */ = {
			isa = PBXNativeTarget;
			buildConfigurationList = 257CF7A52E45A5A9008EF594 /* Build configuration list for PBXNativeTarget "WaterPoloUITests" */;
			buildPhases = (
				257CF7912E45A5A9008EF594 /* Sources */,
				257CF7922E45A5A9008EF594 /* Frameworks */,
				257CF7932E45A5A9008EF594 /* Resources */,
			);
			buildRules = (
			);
			dependencies = (
				257CF7972E45A5A9008EF594 /* PBXTargetDependency */,
			);
			fileSystemSynchronizedGroups = (
				257CF7982E45A5A9008EF594 /* WaterPoloUITests */,
			);
			name = WaterPoloUITests;
			packageProductDependencies = (
			);
			productName = WaterPoloUITests;
			productReference = 257CF7952E45A5A9008EF594 /* WaterPoloUITests.xctest */;
			productType = "com.apple.product-type.bundle.ui-testing";
		};
/* End PBXNativeTarget section */

/* Begin PBXProject section */
		257CF7762E45A5A8008EF594 /* Project object */ = {
			isa = PBXProject;
			attributes = {
				BuildIndependentTargetsInParallel = 1;
				LastSwiftUpdateCheck = 1640;
				LastUpgradeCheck = 1640;
				TargetAttributes = {
					257CF77D2E45A5A8008EF594 = {
						CreatedOnToolsVersion = 16.4;
					};
					257CF78A2E45A5A9008EF594 = {
						CreatedOnToolsVersion = 16.4;
						TestTargetID = 257CF77D2E45A5A8008EF594;
					};
					257CF7942E45A5A9008EF594 = {
						CreatedOnToolsVersion = 16.4;
						TestTargetID = 257CF77D2E45A5A8008EF594;
					};
				};
			};
			buildConfigurationList = 257CF7792E45A5A8008EF594 /* Build configuration list for PBXProject "WaterPolo" */;
			developmentRegion = en;
			hasScannedForEncodings = 0;
			knownRegions = (
				en,
				Base,
			);
			mainGroup = 257CF7752E45A5A8008EF594;
			minimizedProjectReferenceProxies = 1;
			preferredProjectObjectVersion = 77;
			productRefGroup = 257CF77F2E45A5A8008EF594 /* Products */;
			projectDirPath = "";
			projectRoot = "";
			targets = (
				257CF77D2E45A5A8008EF594 /* WaterPolo */,
				257CF78A2E45A5A9008EF594 /* WaterPoloTests */,
				257CF7942E45A5A9008EF594 /* WaterPoloUITests */,
			);
		};
/* End PBXProject section */

/* Begin PBXResourcesBuildPhase section */
		257CF77C2E45A5A8008EF594 /* Resources */ = {
			isa = PBXResourcesBuildPhase;
			buildActionMask = 2147483647;
			files = (
			);
			runOnlyForDeploymentPostprocessing = 0;
		};
		257CF7892E45A5A9008EF594 /* Resources */ = {
			isa = PBXResourcesBuildPhase;
			buildActionMask = 2147483647;
			files = (
			);
			runOnlyForDeploymentPostprocessing = 0;
		};
		257CF7932E45A5A9008EF594 /* Resources */ = {
			isa = PBXResourcesBuildPhase;
			buildActionMask = 2147483647;
			files = (
			);
			runOnlyForDeploymentPostprocessing = 0;
		};
/* End PBXResourcesBuildPhase section */

/* Begin PBXSourcesBuildPhase section */
		257CF77A2E45A5A8008EF594 /* Sources */ = {
			isa = PBXSourcesBuildPhase;
			buildActionMask = 2147483647;
			files = (
			);
			runOnlyForDeploymentPostprocessing = 0;
		};
		257CF7872E45A5A9008EF594 /* Sources */ = {
			isa = PBXSourcesBuildPhase;
			buildActionMask = 2147483647;
			files = (
			);
			runOnlyForDeploymentPostprocessing = 0;
		};
		257CF7912E45A5A9008EF594 /* Sources */ = {
			isa = PBXSourcesBuildPhase;
			buildActionMask = 2147483647;
			files = (
			);
			runOnlyForDeploymentPostprocessing = 0;
		};
/* End PBXSourcesBuildPhase section */

/* Begin PBXTargetDependency section */
		257CF78D2E45A5A9008EF594 /* PBXTargetDependency */ = {
			isa = PBXTargetDependency;
			target = 257CF77D2E45A5A8008EF594 /* WaterPolo */;
			targetProxy = 257CF78C2E45A5A9008EF594 /* PBXContainerItemProxy */;
		};
		257CF7972E45A5A9008EF594 /* PBXTargetDependency */ = {
			isa = PBXTargetDependency;
			target = 257CF77D2E45A5A8008EF594 /* WaterPolo */;
			targetProxy = 257CF7962E45A5A9008EF594 /* PBXContainerItemProxy */;
		};
/* End PBXTargetDependency section */

/* Begin XCBuildConfiguration section */
		257CF79D2E45A5A9008EF594 /* Debug */ = {
			isa = XCBuildConfiguration;
			buildSettings = {
				ALWAYS_SEARCH_USER_PATHS = NO;
				ASSETCATALOG_COMPILER_GENERATE_SWIFT_ASSET_SYMBOL_EXTENSIONS = YES;
				CLANG_ANALYZER_NONNULL = YES;
				CLANG_ANALYZER_NUMBER_OBJECT_CONVERSION = YES_AGGRESSIVE;
				CLANG_CXX_LANGUAGE_STANDARD = "gnu++20";
				CLANG_ENABLE_MODULES = YES;
				CLANG_ENABLE_OBJC_ARC = YES;
				CLANG_ENABLE_OBJC_WEAK = YES;
				CLANG_WARN_BLOCK_CAPTURE_AUTORELEASING = YES;
				CLANG_WARN_BOOL_CONVERSION = YES;
				CLANG_WARN_COMMA = YES;
				CLANG_WARN_CONSTANT_CONVERSION = YES;
				CLANG_WARN_DEPRECATED_OBJC_IMPLEMENTATIONS = YES;
				CLANG_WARN_DIRECT_OBJC_ISA_USAGE = YES_ERROR;
				CLANG_WARN_DOCUMENTATION_COMMENTS = YES;
				CLANG_WARN_EMPTY_BODY = YES;
				CLANG_WARN_ENUM_CONVERSION = YES;
				CLANG_WARN_INFINITE_RECURSION = YES;
				CLANG_WARN_INT_CONVERSION = YES;
				CLANG_WARN_NON_LITERAL_NULL_CONVERSION = YES;
				CLANG_WARN_OBJC_IMPLICIT_RETAIN_SELF = YES;
				CLANG_WARN_OBJC_LITERAL_CONVERSION = YES;
				CLANG_WARN_OBJC_ROOT_CLASS = YES_ERROR;
				CLANG_WARN_QUOTED_INCLUDE_IN_FRAMEWORK_HEADER = YES;
				CLANG_WARN_RANGE_LOOP_ANALYSIS = YES;
				CLANG_WARN_STRICT_PROTOTYPES = YES;
				CLANG_WARN_SUSPICIOUS_MOVE = YES;
				CLANG_WARN_UNGUARDED_AVAILABILITY = YES_AGGRESSIVE;
				CLANG_WARN_UNREACHABLE_CODE = YES;
				CLANG_WARN__DUPLICATE_METHOD_MATCH = YES;
				COPY_PHASE_STRIP = NO;
				DEBUG_INFORMATION_FORMAT = dwarf;
				ENABLE_STRICT_OBJC_MSGSEND = YES;
				ENABLE_TESTABILITY = YES;
				ENABLE_USER_SCRIPT_SANDBOXING = YES;
				GCC_C_LANGUAGE_STANDARD = gnu17;
				GCC_DYNAMIC_NO_PIC = NO;
				GCC_NO_COMMON_BLOCKS = YES;
				GCC_OPTIMIZATION_LEVEL = 0;
				GCC_PREPROCESSOR_DEFINITIONS = (
					"DEBUG=1",
					"$(inherited)",
				);
				GCC_WARN_64_TO_32_BIT_CONVERSION = YES;
				GCC_WARN_ABOUT_RETURN_TYPE = YES_ERROR;
				GCC_WARN_UNDECLARED_SELECTOR = YES;
				GCC_WARN_UNINITIALIZED_AUTOS = YES_AGGRESSIVE;
				GCC_WARN_UNUSED_FUNCTION = YES;
				GCC_WARN_UNUSED_VARIABLE = YES;
				IPHONEOS_DEPLOYMENT_TARGET = 18.5;
				LOCALIZATION_PREFERS_STRING_CATALOGS = YES;
				MTL_ENABLE_DEBUG_INFO = INCLUDE_SOURCE;
				MTL_FAST_MATH = YES;
				ONLY_ACTIVE_ARCH = YES;
				SDKROOT = iphoneos;
				SWIFT_ACTIVE_COMPILATION_CONDITIONS = "DEBUG $(inherited)";
				SWIFT_OPTIMIZATION_LEVEL = "-Onone";
			};
			name = Debug;
		};
		257CF79E2E45A5A9008EF594 /* Release */ = {
			isa = XCBuildConfiguration;
			buildSettings = {
				ALWAYS_SEARCH_USER_PATHS = NO;
				ASSETCATALOG_COMPILER_GENERATE_SWIFT_ASSET_SYMBOL_EXTENSIONS = YES;
				CLANG_ANALYZER_NONNULL = YES;
				CLANG_ANALYZER_NUMBER_OBJECT_CONVERSION = YES_AGGRESSIVE;
				CLANG_CXX_LANGUAGE_STANDARD = "gnu++20";
				CLANG_ENABLE_MODULES = YES;
				CLANG_ENABLE_OBJC_ARC = YES;
				CLANG_ENABLE_OBJC_WEAK = YES;
				CLANG_WARN_BLOCK_CAPTURE_AUTORELEASING = YES;
				CLANG_WARN_BOOL_CONVERSION = YES;
				CLANG_WARN_COMMA = YES;
				CLANG_WARN_CONSTANT_CONVERSION = YES;
				CLANG_WARN_DEPRECATED_OBJC_IMPLEMENTATIONS = YES;
				CLANG_WARN_DIRECT_OBJC_ISA_USAGE = YES_ERROR;
				CLANG_WARN_DOCUMENTATION_COMMENTS = YES;
				CLANG_WARN_EMPTY_BODY = YES;
				CLANG_WARN_ENUM_CONVERSION = YES;
				CLANG_WARN_INFINITE_RECURSION = YES;
				CLANG_WARN_INT_CONVERSION = YES;
				CLANG_WARN_NON_LITERAL_NULL_CONVERSION = YES;
				CLANG_WARN_OBJC_IMPLICIT_RETAIN_SELF = YES;
				CLANG_WARN_OBJC_LITERAL_CONVERSION = YES;
				CLANG_WARN_OBJC_ROOT_CLASS = YES_ERROR;
				CLANG_WARN_QUOTED_INCLUDE_IN_FRAMEWORK_HEADER = YES;
				CLANG_WARN_RANGE_LOOP_ANALYSIS = YES;
				CLANG_WARN_STRICT_PROTOTYPES = YES;
				CLANG_WARN_SUSPICIOUS_MOVE = YES;
				CLANG_WARN_UNGUARDED_AVAILABILITY = YES_AGGRESSIVE;
				CLANG_WARN_UNREACHABLE_CODE = YES;
				CLANG_WARN__DUPLICATE_METHOD_MATCH = YES;
				COPY_PHASE_STRIP = NO;
				DEBUG_INFORMATION_FORMAT = "dwarf-with-dsym";
				ENABLE_NS_ASSERTIONS = NO;
				ENABLE_STRICT_OBJC_MSGSEND = YES;
				ENABLE_USER_SCRIPT_SANDBOXING = YES;
				GCC_C_LANGUAGE_STANDARD = gnu17;
				GCC_NO_COMMON_BLOCKS = YES;
				GCC_WARN_64_TO_32_BIT_CONVERSION = YES;
				GCC_WARN_ABOUT_RETURN_TYPE = YES_ERROR;
				GCC_WARN_UNDECLARED_SELECTOR = YES;
				GCC_WARN_UNINITIALIZED_AUTOS = YES_AGGRESSIVE;
				GCC_WARN_UNUSED_FUNCTION = YES;
				GCC_WARN_UNUSED_VARIABLE = YES;
				IPHONEOS_DEPLOYMENT_TARGET = 18.5;
				LOCALIZATION_PREFERS_STRING_CATALOGS = YES;
				MTL_ENABLE_DEBUG_INFO = NO;
				MTL_FAST_MATH = YES;
				SDKROOT = iphoneos;
				SWIFT_COMPILATION_MODE = wholemodule;
				VALIDATE_PRODUCT = YES;
			};
			name = Release;
		};
		257CF7A02E45A5A9008EF594 /* Debug */ = {
			isa = XCBuildConfiguration;
			buildSettings = {
				ASSETCATALOG_COMPILER_APPICON_NAME = AppIcon;
				ASSETCATALOG_COMPILER_GLOBAL_ACCENT_COLOR_NAME = AccentColor;
				CODE_SIGN_STYLE = Automatic;
				CURRENT_PROJECT_VERSION = 1;
				ENABLE_PREVIEWS = YES;
				GENERATE_INFOPLIST_FILE = YES;
				INFOPLIST_KEY_UIApplicationSceneManifest_Generation = YES;
				INFOPLIST_KEY_UIApplicationSupportsIndirectInputEvents = YES;
				INFOPLIST_KEY_UILaunchScreen_Generation = YES;
				INFOPLIST_KEY_UISupportedInterfaceOrientations_iPad = "UIInterfaceOrientationPortrait UIInterfaceOrientationPortraitUpsideDown UIInterfaceOrientationLandscapeLeft UIInterfaceOrientationLandscapeRight";
				INFOPLIST_KEY_UISupportedInterfaceOrientations_iPhone = "UIInterfaceOrientationPortrait UIInterfaceOrientationLandscapeLeft UIInterfaceOrientationLandscapeRight";
				LD_RUNPATH_SEARCH_PATHS = (
					"$(inherited)",
					"@executable_path/Frameworks",
				);
				MARKETING_VERSION = 1.0;
				PRODUCT_BUNDLE_IDENTIFIER = com.zhenyzw.WaterPolo;
				PRODUCT_NAME = "$(TARGET_NAME)";
				SWIFT_EMIT_LOC_STRINGS = YES;
				SWIFT_VERSION = 5.0;
				TARGETED_DEVICE_FAMILY = "1,2";
			};
			name = Debug;
		};
		257CF7A12E45A5A9008EF594 /* Release */ = {
			isa = XCBuildConfiguration;
			buildSettings = {
				ASSETCATALOG_COMPILER_APPICON_NAME = AppIcon;
				ASSETCATALOG_COMPILER_GLOBAL_ACCENT_COLOR_NAME = AccentColor;
				CODE_SIGN_STYLE = Automatic;
				CURRENT_PROJECT_VERSION = 1;
				ENABLE_PREVIEWS = YES;
				GENERATE_INFOPLIST_FILE = YES;
				INFOPLIST_KEY_UIApplicationSceneManifest_Generation = YES;
				INFOPLIST_KEY_UIApplicationSupportsIndirectInputEvents = YES;
				INFOPLIST_KEY_UILaunchScreen_Generation = YES;
				INFOPLIST_KEY_UISupportedInterfaceOrientations_iPad = "UIInterfaceOrientationPortrait UIInterfaceOrientationPortraitUpsideDown UIInterfaceOrientationLandscapeLeft UIInterfaceOrientationLandscapeRight";
				INFOPLIST_KEY_UISupportedInterfaceOrientations_iPhone = "UIInterfaceOrientationPortrait UIInterfaceOrientationLandscapeLeft UIInterfaceOrientationLandscapeRight";
				LD_RUNPATH_SEARCH_PATHS = (
					"$(inherited)",
					"@executable_path/Frameworks",
				);
				MARKETING_VERSION = 1.0;
				PRODUCT_BUNDLE_IDENTIFIER = com.zhenyzw.WaterPolo;
				PRODUCT_NAME = "$(TARGET_NAME)";
				SWIFT_EMIT_LOC_STRINGS = YES;
				SWIFT_VERSION = 5.0;
				TARGETED_DEVICE_FAMILY = "1,2";
			};
			name = Release;
		};
		257CF7A32E45A5A9008EF594 /* Debug */ = {
			isa = XCBuildConfiguration;
			buildSettings = {
				BUNDLE_LOADER = "$(TEST_HOST)";
				CODE_SIGN_STYLE = Automatic;
				CURRENT_PROJECT_VERSION = 1;
				GENERATE_INFOPLIST_FILE = YES;
				IPHONEOS_DEPLOYMENT_TARGET = 18.5;
				MARKETING_VERSION = 1.0;
				PRODUCT_BUNDLE_IDENTIFIER = com.zhenyzw.WaterPoloTests;
				PRODUCT_NAME = "$(TARGET_NAME)";
				SWIFT_EMIT_LOC_STRINGS = NO;
				SWIFT_VERSION = 5.0;
				TARGETED_DEVICE_FAMILY = "1,2";
				TEST_HOST = "$(BUILT_PRODUCTS_DIR)/WaterPolo.app/$(BUNDLE_EXECUTABLE_FOLDER_PATH)/WaterPolo";
			};
			name = Debug;
		};
		257CF7A42E45A5A9008EF594 /* Release */ = {
			isa = XCBuildConfiguration;
			buildSettings = {
				BUNDLE_LOADER = "$(TEST_HOST)";
				CODE_SIGN_STYLE = Automatic;
				CURRENT_PROJECT_VERSION = 1;
				GENERATE_INFOPLIST_FILE = YES;
				IPHONEOS_DEPLOYMENT_TARGET = 18.5;
				MARKETING_VERSION = 1.0;
				PRODUCT_BUNDLE_IDENTIFIER = com.zhenyzw.WaterPoloTests;
				PRODUCT_NAME = "$(TARGET_NAME)";
				SWIFT_EMIT_LOC_STRINGS = NO;
				SWIFT_VERSION = 5.0;
				TARGETED_DEVICE_FAMILY = "1,2";
				TEST_HOST = "$(BUILT_PRODUCTS_DIR)/WaterPolo.app/$(BUNDLE_EXECUTABLE_FOLDER_PATH)/WaterPolo";
			};
			name = Release;
		};
		257CF7A62E45A5A9008EF594 /* Debug */ = {
			isa = XCBuildConfiguration;
			buildSettings = {
				CODE_SIGN_STYLE = Automatic;
				CURRENT_PROJECT_VERSION = 1;
				GENERATE_INFOPLIST_FILE = YES;
				MARKETING_VERSION = 1.0;
				PRODUCT_BUNDLE_IDENTIFIER = com.zhenyzw.WaterPoloUITests;
				PRODUCT_NAME = "$(TARGET_NAME)";
				SWIFT_EMIT_LOC_STRINGS = NO;
				SWIFT_VERSION = 5.0;
				TARGETED_DEVICE_FAMILY = "1,2";
				TEST_TARGET_NAME = WaterPolo;
			};
			name = Debug;
		};
		257CF7A72E45A5A9008EF594 /* Release */ = {
			isa = XCBuildConfiguration;
			buildSettings = {
				CODE_SIGN_STYLE = Automatic;
				CURRENT_PROJECT_VERSION = 1;
				GENERATE_INFOPLIST_FILE = YES;
				MARKETING_VERSION = 1.0;
				PRODUCT_BUNDLE_IDENTIFIER = com.zhenyzw.WaterPoloUITests;
				PRODUCT_NAME = "$(TARGET_NAME)";
				SWIFT_EMIT_LOC_STRINGS = NO;
				SWIFT_VERSION = 5.0;
				TARGETED_DEVICE_FAMILY = "1,2";
				TEST_TARGET_NAME = WaterPolo;
			};
			name = Release;
		};
/* End XCBuildConfiguration section */

/* Begin XCConfigurationList section */
		257CF7792E45A5A8008EF594 /* Build configuration list for PBXProject "WaterPolo" */ = {
			isa = XCConfigurationList;
			buildConfigurations = (
				257CF79D2E45A5A9008EF594 /* Debug */,
				257CF79E2E45A5A9008EF594 /* Release */,
			);
			defaultConfigurationIsVisible = 0;
			defaultConfigurationName = Release;
		};
		257CF79F2E45A5A9008EF594 /* Build configuration list for PBXNativeTarget "WaterPolo" */ = {
			isa = XCConfigurationList;
			buildConfigurations = (
				257CF7A02E45A5A9008EF594 /* Debug */,
				257CF7A12E45A5A9008EF594 /* Release */,
			);
			defaultConfigurationIsVisible = 0;
			defaultConfigurationName = Release;
		};
		257CF7A22E45A5A9008EF594 /* Build configuration list for PBXNativeTarget "WaterPoloTests" */ = {
			isa = XCConfigurationList;
			buildConfigurations = (
				257CF7A32E45A5A9008EF594 /* Debug */,
				257CF7A42E45A5A9008EF594 /* Release */,
			);
			defaultConfigurationIsVisible = 0;
			defaultConfigurationName = Release;
		};
		257CF7A52E45A5A9008EF594 /* Build configuration list for PBXNativeTarget "WaterPoloUITests" */ = {
			isa = XCConfigurationList;
			buildConfigurations = (
				257CF7A62E45A5A9008EF594 /* Debug */,
				257CF7A72E45A5A9008EF594 /* Release */,
			);
			defaultConfigurationIsVisible = 0;
			defaultConfigurationName = Release;
		};
/* End XCConfigurationList section */
	};
	rootObject = 257CF7762E45A5A8008EF594 /* Project object */;
}
